
Microsoft Visual Studio Solution File, Format Version 12.00
# Visual Studio Version 17
VisualStudioVersion = 17.14.36414.22
MinimumVisualStudioVersion = 10.0.40219.1
Project("{FAE04EC0-301F-11D3-BF4B-00C04F79EFBC}") = "Services", "Services\Services.csproj", "{ABE1AC4F-F6A4-4AB1-99F1-5CD76BBC1CF7}"
EndProject
Project("{FAE04EC0-301F-11D3-BF4B-00C04F79EFBC}") = "UI", "UI\UI.csproj", "{C3B14A7F-75A8-47FB-A001-5B09F903BF10}"
EndProject
Project("{FAE04EC0-301F-11D3-BF4B-00C04F79EFBC}") = "KeyGenerator", "KeyGenerator\KeyGenerator.csproj", "{E8C6A4F3-32A6-4C77-9C85-3386D0FA1B8C}"
EndProject
Project("{FAE04EC0-301F-11D3-BF4B-00C04F79EFBC}") = "Models", "Models\Models.csproj", "{262C6A48-AE34-D77E-44A9-AF0CD30983F0}"
EndProject
Project("{FAE04EC0-301F-11D3-BF4B-00C04F79EFBC}") = "Utils", "Utils\Utils.csproj", "{35618F50-301D-4E99-8096-6A4608B1B223}"
EndProject
Global
	GlobalSection(SolutionConfigurationPlatforms) = preSolution
		Debug|Any CPU = Debug|Any CPU
		Release|Any CPU = Release|Any CPU
	EndGlobalSection
	GlobalSection(ProjectConfigurationPlatforms) = postSolution
		{ABE1AC4F-F6A4-4AB1-99F1-5CD76BBC1CF7}.Debug|Any CPU.ActiveCfg = Debug|Any CPU
		{ABE1AC4F-F6A4-4AB1-99F1-5CD76BBC1CF7}.Debug|Any CPU.Build.0 = Debug|Any CPU
		{ABE1AC4F-F6A4-4AB1-99F1-5CD76BBC1CF7}.Release|Any CPU.ActiveCfg = Release|Any CPU
		{ABE1AC4F-F6A4-4AB1-99F1-5CD76BBC1CF7}.Release|Any CPU.Build.0 = Release|Any CPU
		{C3B14A7F-75A8-47FB-A001-5B09F903BF10}.Debug|Any CPU.ActiveCfg = Debug|Any CPU
		{C3B14A7F-75A8-47FB-A001-5B09F903BF10}.Debug|Any CPU.Build.0 = Debug|Any CPU
		{C3B14A7F-75A8-47FB-A001-5B09F903BF10}.Release|Any CPU.ActiveCfg = Release|Any CPU
		{C3B14A7F-75A8-47FB-A001-5B09F903BF10}.Release|Any CPU.Build.0 = Release|Any CPU
		{E8C6A4F3-32A6-4C77-9C85-3386D0FA1B8C}.Debug|Any CPU.ActiveCfg = Debug|Any CPU
		{E8C6A4F3-32A6-4C77-9C85-3386D0FA1B8C}.Debug|Any CPU.Build.0 = Debug|Any CPU
		{E8C6A4F3-32A6-4C77-9C85-3386D0FA1B8C}.Release|Any CPU.ActiveCfg = Release|Any CPU
		{E8C6A4F3-32A6-4C77-9C85-3386D0FA1B8C}.Release|Any CPU.Build.0 = Release|Any CPU
		{262C6A48-AE34-D77E-44A9-AF0CD30983F0}.Debug|Any CPU.ActiveCfg = Debug|Any CPU
		{262C6A48-AE34-D77E-44A9-AF0CD30983F0}.Debug|Any CPU.Build.0 = Debug|Any CPU
		{262C6A48-AE34-D77E-44A9-AF0CD30983F0}.Release|Any CPU.ActiveCfg = Release|Any CPU
		{262C6A48-AE34-D77E-44A9-AF0CD30983F0}.Release|Any CPU.Build.0 = Release|Any CPU
		{35618F50-301D-4E99-8096-6A4608B1B223}.Debug|Any CPU.ActiveCfg = Debug|Any CPU
		{35618F50-301D-4E99-8096-6A4608B1B223}.Debug|Any CPU.Build.0 = Debug|Any CPU
		{35618F50-301D-4E99-8096-6A4608B1B223}.Release|Any CPU.ActiveCfg = Release|Any CPU
		{35618F50-301D-4E99-8096-6A4608B1B223}.Release|Any CPU.Build.0 = Release|Any CPU
	EndGlobalSection
	GlobalSection(SolutionProperties) = preSolution
		HideSolutionNode = FALSE
	EndGlobalSection
	GlobalSection(ExtensibilityGlobals) = postSolution
		SolutionGuid = {ABA3749E-3363-4F1F-9EB3-290E7BD8178A}
	EndGlobalSection
EndGlobal
