
Microsoft Visual Studio Solution File, Format Version 12.00
# Visual Studio Version 17
VisualStudioVersion = 17.11.35208.52
MinimumVisualStudioVersion = 10.0.40219.1
Project("{FAE04EC0-301F-11D3-BF4B-00C04F79EFBC}") = "UI", "UI\UI.csproj", "{ABCFB4A2-890A-497A-955E-80FF80614B2F}"
EndProject
Project("{FAE04EC0-301F-11D3-BF4B-00C04F79EFBC}") = "Core", "Core\Core.csproj", "{BC6F0F20-F9DB-46EB-A66C-C9A1E7994B73}"
EndProject
Project("{FAE04EC0-301F-11D3-BF4B-00C04F79EFBC}") = "Data", "Data\Data.csproj", "{57222BCC-41E6-4713-84EF-389BE63C28C5}"
EndProject
Project("{FAE04EC0-301F-11D3-BF4B-00C04F79EFBC}") = "Interfaces", "Interfaces\Interfaces.csproj", "{6607F425-725E-4241-9006-F95E5DD25288}"
EndProject
Project("{FAE04EC0-301F-11D3-BF4B-00C04F79EFBC}") = "Utils", "Utils\Utils.csproj", "{C346BDED-7A70-4A71-9DEA-3BC7B7478031}"
EndProject
Global
	GlobalSection(SolutionConfigurationPlatforms) = preSolution
		Debug|Any CPU = Debug|Any CPU
		Release|Any CPU = Release|Any CPU
	EndGlobalSection
	GlobalSection(ProjectConfigurationPlatforms) = postSolution
		{ABCFB4A2-890A-497A-955E-80FF80614B2F}.Debug|Any CPU.ActiveCfg = Debug|Any CPU
		{ABCFB4A2-890A-497A-955E-80FF80614B2F}.Debug|Any CPU.Build.0 = Debug|Any CPU
		{ABCFB4A2-890A-497A-955E-80FF80614B2F}.Release|Any CPU.ActiveCfg = Release|Any CPU
		{ABCFB4A2-890A-497A-955E-80FF80614B2F}.Release|Any CPU.Build.0 = Release|Any CPU
		{BC6F0F20-F9DB-46EB-A66C-C9A1E7994B73}.Debug|Any CPU.ActiveCfg = Debug|Any CPU
		{BC6F0F20-F9DB-46EB-A66C-C9A1E7994B73}.Debug|Any CPU.Build.0 = Debug|Any CPU
		{BC6F0F20-F9DB-46EB-A66C-C9A1E7994B73}.Release|Any CPU.ActiveCfg = Release|Any CPU
		{BC6F0F20-F9DB-46EB-A66C-C9A1E7994B73}.Release|Any CPU.Build.0 = Release|Any CPU
		{57222BCC-41E6-4713-84EF-389BE63C28C5}.Debug|Any CPU.ActiveCfg = Debug|Any CPU
		{57222BCC-41E6-4713-84EF-389BE63C28C5}.Debug|Any CPU.Build.0 = Debug|Any CPU
		{57222BCC-41E6-4713-84EF-389BE63C28C5}.Release|Any CPU.ActiveCfg = Release|Any CPU
		{57222BCC-41E6-4713-84EF-389BE63C28C5}.Release|Any CPU.Build.0 = Release|Any CPU
		{6607F425-725E-4241-9006-F95E5DD25288}.Debug|Any CPU.ActiveCfg = Debug|Any CPU
		{6607F425-725E-4241-9006-F95E5DD25288}.Debug|Any CPU.Build.0 = Debug|Any CPU
		{6607F425-725E-4241-9006-F95E5DD25288}.Release|Any CPU.ActiveCfg = Release|Any CPU
		{6607F425-725E-4241-9006-F95E5DD25288}.Release|Any CPU.Build.0 = Release|Any CPU
		{C346BDED-7A70-4A71-9DEA-3BC7B7478031}.Debug|Any CPU.ActiveCfg = Debug|Any CPU
		{C346BDED-7A70-4A71-9DEA-3BC7B7478031}.Debug|Any CPU.Build.0 = Debug|Any CPU
		{C346BDED-7A70-4A71-9DEA-3BC7B7478031}.Release|Any CPU.ActiveCfg = Release|Any CPU
		{C346BDED-7A70-4A71-9DEA-3BC7B7478031}.Release|Any CPU.Build.0 = Release|Any CPU
	EndGlobalSection
	GlobalSection(SolutionProperties) = preSolution
		HideSolutionNode = FALSE
	EndGlobalSection
	GlobalSection(ExtensibilityGlobals) = postSolution
		SolutionGuid = {280BDE7E-63E2-492F-8689-B1BCEE879A9A}
	EndGlobalSection
EndGlobal
