
Microsoft Visual Studio Solution File, Format Version 12.00
# Visual Studio Version 17
VisualStudioVersion = 17.11.35208.52
MinimumVisualStudioVersion = 10.0.40219.1
Project("{FAE04EC0-301F-11D3-BF4B-00C04F79EFBC}") = "Travel_Agency_DS", "Travel_Agency_DS\Travel_Agency_DS.csproj", "{161880E4-570D-4183-B79F-23B9328DEFAB}"
EndProject
Global
	GlobalSection(SolutionConfigurationPlatforms) = preSolution
		Debug|Any CPU = Debug|Any CPU
		Release|Any CPU = Release|Any CPU
	EndGlobalSection
	GlobalSection(ProjectConfigurationPlatforms) = postSolution
		{161880E4-570D-4183-B79F-23B9328DEFAB}.Debug|Any CPU.ActiveCfg = Debug|Any CPU
		{161880E4-570D-4183-B79F-23B9328DEFAB}.Debug|Any CPU.Build.0 = Debug|Any CPU
		{161880E4-570D-4183-B79F-23B9328DEFAB}.Release|Any CPU.ActiveCfg = Release|Any CPU
		{161880E4-570D-4183-B79F-23B9328DEFAB}.Release|Any CPU.Build.0 = Release|Any CPU
	EndGlobalSection
	GlobalSection(SolutionProperties) = preSolution
		HideSolutionNode = FALSE
	EndGlobalSection
	GlobalSection(ExtensibilityGlobals) = postSolution
		SolutionGuid = {280BDE7E-63E2-492F-8689-B1BCEE879A9A}
	EndGlobalSection
EndGlobal
